
Microsoft Visual Studio Solution File, Format Version 12.00
# Visual Studio Version 17
VisualStudioVersion = 17.0.31903.59
MinimumVisualStudioVersion = 10.0.40219.1
Project("{FAE04EC0-301F-11D3-BF4B-00C04F79EFBC}") = "AuthAPI", "AuthAPI\AuthAPI.csproj", "{DD71F9C6-00DB-4C81-AD28-841E5C22AC44}"
EndProject
Project("{FAE04EC0-301F-11D3-BF4B-00C04F79EFBC}") = "RecorderAPI", "RecorderAPI\RecorderAPI.csproj", "{0426F57F-C6D5-4097-9BB5-0348D221A3D7}"
EndProject
Project("{FAE04EC0-301F-11D3-BF4B-00C04F79EFBC}") = "MailerAPI", "MailerAPI\MailerAPI.csproj", "{9DE2213B-7F51-43C9-8B8E-0B231FC3CB66}"
EndProject
Project("{FAE04EC0-301F-11D3-BF4B-00C04F79EFBC}") = "InventoryAPI", "InventoryAPI\InventoryAPI.csproj", "{67EABDC5-FEE1-44C2-8D0D-F8D2DCA9F803}"
EndProject
Global
	GlobalSection(SolutionConfigurationPlatforms) = preSolution
		Debug|Any CPU = Debug|Any CPU
		Release|Any CPU = Release|Any CPU
	EndGlobalSection
	GlobalSection(SolutionProperties) = preSolution
		HideSolutionNode = FALSE
	EndGlobalSection
	GlobalSection(ProjectConfigurationPlatforms) = postSolution
		{DD71F9C6-00DB-4C81-AD28-841E5C22AC44}.Debug|Any CPU.ActiveCfg = Debug|Any CPU
		{DD71F9C6-00DB-4C81-AD28-841E5C22AC44}.Debug|Any CPU.Build.0 = Debug|Any CPU
		{DD71F9C6-00DB-4C81-AD28-841E5C22AC44}.Release|Any CPU.ActiveCfg = Release|Any CPU
		{DD71F9C6-00DB-4C81-AD28-841E5C22AC44}.Release|Any CPU.Build.0 = Release|Any CPU
		{0426F57F-C6D5-4097-9BB5-0348D221A3D7}.Debug|Any CPU.ActiveCfg = Debug|Any CPU
		{0426F57F-C6D5-4097-9BB5-0348D221A3D7}.Debug|Any CPU.Build.0 = Debug|Any CPU
		{0426F57F-C6D5-4097-9BB5-0348D221A3D7}.Release|Any CPU.ActiveCfg = Release|Any CPU
		{0426F57F-C6D5-4097-9BB5-0348D221A3D7}.Release|Any CPU.Build.0 = Release|Any CPU
		{9DE2213B-7F51-43C9-8B8E-0B231FC3CB66}.Debug|Any CPU.ActiveCfg = Debug|Any CPU
		{9DE2213B-7F51-43C9-8B8E-0B231FC3CB66}.Debug|Any CPU.Build.0 = Debug|Any CPU
		{9DE2213B-7F51-43C9-8B8E-0B231FC3CB66}.Release|Any CPU.ActiveCfg = Release|Any CPU
		{9DE2213B-7F51-43C9-8B8E-0B231FC3CB66}.Release|Any CPU.Build.0 = Release|Any CPU
		{67EABDC5-FEE1-44C2-8D0D-F8D2DCA9F803}.Debug|Any CPU.ActiveCfg = Debug|Any CPU
		{67EABDC5-FEE1-44C2-8D0D-F8D2DCA9F803}.Debug|Any CPU.Build.0 = Debug|Any CPU
		{67EABDC5-FEE1-44C2-8D0D-F8D2DCA9F803}.Release|Any CPU.ActiveCfg = Release|Any CPU
		{67EABDC5-FEE1-44C2-8D0D-F8D2DCA9F803}.Release|Any CPU.Build.0 = Release|Any CPU
	EndGlobalSection
EndGlobal
